
Microsoft Visual Studio Solution File, Format Version 12.00
# Visual Studio Version 16
VisualStudioVersion = 16.0.33027.164
MinimumVisualStudioVersion = 10.0.40219.1
Project("{9A19103F-16F7-4668-BE54-9A1E7A4F7556}") = "курсовой бактерии", "курсовой бактерии\курсовой бактерии.csproj", "{5F9FE495-AEC6-45B7-9AD4-E334B7E43933}"
EndProject
Project("{FAE04EC0-301F-11D3-BF4B-00C04F79EFBC}") = "TestProject_kyr", "TestProject_kyr\TestProject_kyr.csproj", "{1E0BB186-5040-4AC8-A395-124CCCAD9F7A}"
EndProject
Global
	GlobalSection(SolutionConfigurationPlatforms) = preSolution
		Debug|Any CPU = Debug|Any CPU
		Release|Any CPU = Release|Any CPU
	EndGlobalSection
	GlobalSection(ProjectConfigurationPlatforms) = postSolution
		{5F9FE495-AEC6-45B7-9AD4-E334B7E43933}.Debug|Any CPU.ActiveCfg = Debug|Any CPU
		{5F9FE495-AEC6-45B7-9AD4-E334B7E43933}.Debug|Any CPU.Build.0 = Debug|Any CPU
		{5F9FE495-AEC6-45B7-9AD4-E334B7E43933}.Release|Any CPU.ActiveCfg = Release|Any CPU
		{5F9FE495-AEC6-45B7-9AD4-E334B7E43933}.Release|Any CPU.Build.0 = Release|Any CPU
		{1E0BB186-5040-4AC8-A395-124CCCAD9F7A}.Debug|Any CPU.ActiveCfg = Debug|Any CPU
		{1E0BB186-5040-4AC8-A395-124CCCAD9F7A}.Debug|Any CPU.Build.0 = Debug|Any CPU
		{1E0BB186-5040-4AC8-A395-124CCCAD9F7A}.Release|Any CPU.ActiveCfg = Release|Any CPU
		{1E0BB186-5040-4AC8-A395-124CCCAD9F7A}.Release|Any CPU.Build.0 = Release|Any CPU
	EndGlobalSection
	GlobalSection(SolutionProperties) = preSolution
		HideSolutionNode = FALSE
	EndGlobalSection
	GlobalSection(ExtensibilityGlobals) = postSolution
		SolutionGuid = {C431C55C-9F82-4542-88B4-F71D46855F57}
	EndGlobalSection
EndGlobal
